
Microsoft Visual Studio Solution File, Format Version 12.00
# Visual Studio 2012
Project("{f2a71f9b-5d33-465a-a702-920d77279786}") = "Week5", "Week5.fsproj", "{4BD362CF-9CF2-47EB-99D6-38288EF23A58}"
EndProject
Global
	GlobalSection(SolutionConfigurationPlatforms) = preSolution
		Debug|x86 = Debug|x86
		Release|x86 = Release|x86
	EndGlobalSection
	GlobalSection(ProjectConfigurationPlatforms) = postSolution
		{4BD362CF-9CF2-47EB-99D6-38288EF23A58}.Debug|x86.ActiveCfg = Debug|x86
		{4BD362CF-9CF2-47EB-99D6-38288EF23A58}.Debug|x86.Build.0 = Debug|x86
		{4BD362CF-9CF2-47EB-99D6-38288EF23A58}.Release|x86.ActiveCfg = Release|x86
		{4BD362CF-9CF2-47EB-99D6-38288EF23A58}.Release|x86.Build.0 = Release|x86
	EndGlobalSection
EndGlobal
